
Microsoft Visual Studio Solution File, Format Version 12.00
# Visual Studio 15
VisualStudioVersion = 15.0.26730.16
MinimumVisualStudioVersion = 10.0.40219.1
Project("{FAE04EC0-301F-11D3-BF4B-00C04F79EFBC}") = "Runearth", "Runearth\Runearth.csproj", "{756D1B22-219F-4080-A8DE-742CCCD91C1E}"
EndProject
Project("{FAE04EC0-301F-11D3-BF4B-00C04F79EFBC}") = "Runearth.Lib", "Runearth.Lib\Runearth.Lib.csproj", "{A29F7296-6F38-469A-AA28-B8C893062A76}"
EndProject
Global
	GlobalSection(SolutionConfigurationPlatforms) = preSolution
		Debug|Any CPU = Debug|Any CPU
		Release|Any CPU = Release|Any CPU
	EndGlobalSection
	GlobalSection(ProjectConfigurationPlatforms) = postSolution
		{756D1B22-219F-4080-A8DE-742CCCD91C1E}.Debug|Any CPU.ActiveCfg = Debug|Any CPU
		{756D1B22-219F-4080-A8DE-742CCCD91C1E}.Debug|Any CPU.Build.0 = Debug|Any CPU
		{756D1B22-219F-4080-A8DE-742CCCD91C1E}.Release|Any CPU.ActiveCfg = Release|Any CPU
		{756D1B22-219F-4080-A8DE-742CCCD91C1E}.Release|Any CPU.Build.0 = Release|Any CPU
		{A29F7296-6F38-469A-AA28-B8C893062A76}.Debug|Any CPU.ActiveCfg = Debug|Any CPU
		{A29F7296-6F38-469A-AA28-B8C893062A76}.Debug|Any CPU.Build.0 = Debug|Any CPU
		{A29F7296-6F38-469A-AA28-B8C893062A76}.Release|Any CPU.ActiveCfg = Release|Any CPU
		{A29F7296-6F38-469A-AA28-B8C893062A76}.Release|Any CPU.Build.0 = Release|Any CPU
	EndGlobalSection
	GlobalSection(SolutionProperties) = preSolution
		HideSolutionNode = FALSE
	EndGlobalSection
	GlobalSection(ExtensibilityGlobals) = postSolution
		SolutionGuid = {CE24C132-FDF4-4677-BBA0-795E8623B929}
	EndGlobalSection
EndGlobal
